{
    "_readme": [
        "This file locks the dependencies of your project to a known state",
        "Read more about it at https://getcomposer.org/doc/01-basic-usage.md#composer-lock-the-lock-file",
        "This file is @generated automatically"
    ],
    "content-hash": "7b6f6f5105686b4d0c8b0aff91f004a0",
    "packages": [
        {
            "name": "hiddeco/transip",
            "version": "v5.6",
            "source": {
                "type": "git",
                "url": "https://github.com/hiddeco/transip.git",
                "reference": "ae153626cf0e791261fbdc5c92b4321a355b08fa"
            },
            "dist": {
                "type": "zip",
                "url": "https://api.github.com/repos/hiddeco/transip/zipball/ae153626cf0e791261fbdc5c92b4321a355b08fa",
                "reference": "ae153626cf0e791261fbdc5c92b4321a355b08fa",
                "shasum": ""
            },
            "require": {
                "ext-soap": "*",
                "php": ">=5.6"
            },
            "require-dev": {
                "mockery/mockery": "0.9.*",
                "phpunit/phpunit": "5.7.*"
            },
            "type": "library",
            "autoload": {
                "psr-4": {
                    "TransIP\\": "src/"
                }
            },
            "notification-url": "https://packagist.org/downloads/",
            "license": [
                "MIT"
            ],
            "authors": [
                {
                    "name": "Hidde Beydals",
                    "email": "hello@hidde.co",
                    "homepage": "https://github.com/hiddeco"
                }
            ],
            "description": "The better TransIP API client.",
            "keywords": [
                "api",
                "php",
                "soap",
                "transip"
            ],
            "time": "2018-01-03T22:49:06+00:00"
        }
    ],
    "packages-dev": [],
    "aliases": [],
    "minimum-stability": "stable",
    "stability-flags": [],
    "prefer-stable": false,
    "prefer-lowest": false,
    "platform": {
        "php": ">=5.6"
    },
    "platform-dev": []
}
